<?xml version="1.0" encoding="utf-8"?>
<Project ToolsVersion="4.0" xmlns="http://schemas.microsoft.com/developer/msbuild/2003">
  <ItemGroup>
    <Filter Include="Source Files">
      <UniqueIdentifier>{4FC737F1-C7A5-4376-A066-2A32D752A2FF}</UniqueIdentifier>
      <Extensions>cpp;cxx;c;def</Extensions>
    </Filter>
    <Filter Include="Header Files">
      <UniqueIdentifier>{93995380-89BD-4b04-88EB-625FBE52EBFB}</UniqueIdentifier>
      <Extensions>h</Extensions>
    </Filter>
    <Filter Include="Form Files">
      <UniqueIdentifier>{99349809-55BA-4b9d-BF79-8FDBB0286EB3}</UniqueIdentifier>
      <Extensions>ui</Extensions>
    </Filter>
    <Filter Include="Resource Files">
      <UniqueIdentifier>{D9D6E242-F8AF-46E4-B9FD-80ECBC20BA3E}</UniqueIdentifier>
      <Extensions>qrc;*</Extensions>
      <ParseFiles>false</ParseFiles>
    </Filter>
    <Filter Include="Generated Files">
      <UniqueIdentifier>{71ED8ED8-ACB9-4CE9-BBE1-E00B30144E11}</UniqueIdentifier>
      <Extensions>moc;h;cpp</Extensions>
      <SourceControlFiles>False</SourceControlFiles>
    </Filter>
    <Filter Include="Generated Files\Debug">
      <UniqueIdentifier>{4611f343-4671-48c4-b8f2-c530f3f3f221}</UniqueIdentifier>
      <Extensions>cpp;moc</Extensions>
      <SourceControlFiles>False</SourceControlFiles>
    </Filter>
    <Filter Include="Generated Files\Release">
      <UniqueIdentifier>{f9ec301c-856b-4b7d-8d18-4d44c9a42cfa}</UniqueIdentifier>
      <Extensions>cpp;moc</Extensions>
      <SourceControlFiles>False</SourceControlFiles>
    </Filter>
  </ItemGroup>
  <ItemGroup>
    <ClCompile Include="main.cpp">
      <Filter>Source Files</Filter>
    </ClCompile>
    <ClCompile Include="Ui_Test.cpp">
      <Filter>Source Files</Filter>
    </ClCompile>
    <ClCompile Include="GeneratedFiles\qrc_qt_test.cpp">
      <Filter>Generated Files\Release</Filter>
    </ClCompile>
    <ClCompile Include="userwindows.cpp">
      <Filter>Source Files</Filter>
    </ClCompile>
    <ClCompile Include="UserData.cpp">
      <Filter>Source Files</Filter>
    </ClCompile>
    <ClCompile Include="MainDataBase.cpp">
      <Filter>Source Files</Filter>
    </ClCompile>
    <ClCompile Include="MusicData.cpp">
      <Filter>Source Files</Filter>
    </ClCompile>
    <ClCompile Include="WarningWindows.cpp">
      <Filter>Source Files</Filter>
    </ClCompile>
    <ClCompile Include="GeneratedFiles\Debug\moc_MainWindow.cpp">
      <Filter>Generated Files\Debug</Filter>
    </ClCompile>
    <ClCompile Include="GeneratedFiles\Release\moc_MainWindow.cpp">
      <Filter>Generated Files\Release</Filter>
    </ClCompile>
    <ClCompile Include="MainWindow.cpp">
      <Filter>Source Files</Filter>
    </ClCompile>
    <ClCompile Include="GeneratedFiles\Debug\moc_HelpWindow.cpp">
      <Filter>Generated Files\Debug</Filter>
    </ClCompile>
    <ClCompile Include="GeneratedFiles\Release\moc_HelpWindow.cpp">
      <Filter>Generated Files\Release</Filter>
    </ClCompile>
    <ClCompile Include="HelpWindow.cpp">
      <Filter>Source Files</Filter>
    </ClCompile>
    <ClCompile Include="GeneratedFiles\Debug\moc_UserWindow.cpp">
      <Filter>Generated Files\Debug</Filter>
    </ClCompile>
    <ClCompile Include="GeneratedFiles\Release\moc_UserWindow.cpp">
      <Filter>Generated Files\Release</Filter>
    </ClCompile>
    <ClCompile Include="headClass.cpp">
      <Filter>Source Files</Filter>
    </ClCompile>
    <ClCompile Include="tableview.cpp">
      <Filter>Source Files</Filter>
    </ClCompile>
    <ClCompile Include="GeneratedFiles\Debug\moc_tableview.cpp">
      <Filter>Generated Files\Debug</Filter>
    </ClCompile>
    <ClCompile Include="GeneratedFiles\Release\moc_tableview.cpp">
      <Filter>Generated Files\Release</Filter>
    </ClCompile>
    <ClCompile Include="dataBase\condition.cpp">
      <Filter>Source Files</Filter>
    </ClCompile>
    <ClCompile Include="dataBase\help.cpp">
      <Filter>Source Files</Filter>
    </ClCompile>
    <ClCompile Include="dataBase\kTable.cpp">
      <Filter>Source Files</Filter>
    </ClCompile>
    <ClCompile Include="dataBase\readSQL.cpp">
      <Filter>Source Files</Filter>
    </ClCompile>
    <ClCompile Include="dataBase\Save.cpp">
      <Filter>Source Files</Filter>
    </ClCompile>
    <ClCompile Include="dataBase\userDatabase.cpp">
      <Filter>Source Files</Filter>
    </ClCompile>
    <ClCompile Include="onetableview.cpp">
      <Filter>Source Files</Filter>
    </ClCompile>
    <ClCompile Include="GeneratedFiles\Debug\moc_onetableview.cpp">
      <Filter>Generated Files\Debug</Filter>
    </ClCompile>
    <ClCompile Include="GeneratedFiles\Release\moc_onetableview.cpp">
      <Filter>Generated Files\Release</Filter>
    </ClCompile>
    <ClCompile Include="dataBase\kView.cpp">
      <Filter>Source Files</Filter>
    </ClCompile>
    <ClCompile Include="dataBase\kIndex.cpp">
      <Filter>Source Files</Filter>
    </ClCompile>
    <ClCompile Include="dataBase\kLine.cpp">
      <Filter>Source Files</Filter>
    </ClCompile>
  </ItemGroup>
  <ItemGroup>
    <CustomBuild Include="qt_test.qrc">
      <Filter>Resource Files</Filter>
    </CustomBuild>
    <CustomBuild Include="MainWindow.h">
      <Filter>Header Files</Filter>
    </CustomBuild>
    <CustomBuild Include="MainWindow.ui">
      <Filter>Form Files</Filter>
    </CustomBuild>
    <CustomBuild Include="HelpWindow.h">
      <Filter>Header Files</Filter>
    </CustomBuild>
    <CustomBuild Include="HelpWindow.ui">
      <Filter>Form Files</Filter>
    </CustomBuild>
    <CustomBuild Include="UserWindow.ui">
      <Filter>Form Files</Filter>
    </CustomBuild>
    <CustomBuild Include="UserWindow.h">
      <Filter>Header Files</Filter>
    </CustomBuild>
    <CustomBuild Include="tableview.h">
      <Filter>Header Files</Filter>
    </CustomBuild>
    <CustomBuild Include="tableview.ui">
      <Filter>Form Files</Filter>
    </CustomBuild>
    <CustomBuild Include="onetableview.h">
      <Filter>Header Files</Filter>
    </CustomBuild>
    <CustomBuild Include="onetableview.ui">
      <Filter>Form Files</Filter>
    </CustomBuild>
  </ItemGroup>
  <ItemGroup>
    <ClInclude Include="Ui_Test.h">
      <Filter>Header Files</Filter>
    </ClInclude>
    <ClInclude Include="UserData.h">
      <Filter>Header Files</Filter>
    </ClInclude>
    <ClInclude Include="MainDataBase.h">
      <Filter>Header Files</Filter>
    </ClInclude>
    <ClInclude Include="MusicData.h">
      <Filter>Header Files</Filter>
    </ClInclude>
    <ClInclude Include="WarningWindows.h">
      <Filter>Header Files</Filter>
    </ClInclude>
    <ClInclude Include="GeneratedFiles\ui_MainWindow.h">
      <Filter>Generated Files</Filter>
    </ClInclude>
    <ClInclude Include="GeneratedFiles\ui_HelpWindow.h">
      <Filter>Generated Files</Filter>
    </ClInclude>
    <ClInclude Include="GeneratedFiles\ui_UserWindow.h">
      <Filter>Generated Files</Filter>
    </ClInclude>
    <ClInclude Include="headClass.h">
      <Filter>Header Files</Filter>
    </ClInclude>
    <ClInclude Include="GeneratedFiles\ui_tableview.h">
      <Filter>Generated Files</Filter>
    </ClInclude>
    <ClInclude Include="dataBase\condition.h">
      <Filter>Header Files</Filter>
    </ClInclude>
    <ClInclude Include="dataBase\help.h">
      <Filter>Header Files</Filter>
    </ClInclude>
    <ClInclude Include="dataBase\kTable.h">
      <Filter>Header Files</Filter>
    </ClInclude>
    <ClInclude Include="dataBase\readSQL.h">
      <Filter>Header Files</Filter>
    </ClInclude>
    <ClInclude Include="dataBase\Save.h">
      <Filter>Header Files</Filter>
    </ClInclude>
    <ClInclude Include="dataBase\userDatabase.h">
      <Filter>Header Files</Filter>
    </ClInclude>
    <ClInclude Include="GeneratedFiles\ui_onetableview.h">
      <Filter>Generated Files</Filter>
    </ClInclude>
    <ClInclude Include="dataBase\kView.h">
      <Filter>Header Files</Filter>
    </ClInclude>
    <ClInclude Include="dataBase\kIndex.h">
      <Filter>Header Files</Filter>
    </ClInclude>
    <ClInclude Include="dataBase\kLine.h">
      <Filter>Header Files</Filter>
    </ClInclude>
  </ItemGroup>
  <ItemGroup>
    <None Include="ClassDiagram.cd" />
  </ItemGroup>
</Project>